
Microsoft Visual Studio Solution File, Format Version 12.00
# Visual Studio Version 16
VisualStudioVersion = 16.0.31911.196
MinimumVisualStudioVersion = 10.0.40219.1
Project("{FAE04EC0-301F-11D3-BF4B-00C04F79EFBC}") = "5lab_nimGameAlphaBetaPruning", "5lab_nimGameAlphaBetaPruning\5lab_nimGameAlphaBetaPruning.csproj", "{434B9C02-C3F0-4A16-9B72-DDE5CEC4146C}"
EndProject
Global
	GlobalSection(SolutionConfigurationPlatforms) = preSolution
		Debug|Any CPU = Debug|Any CPU
		Release|Any CPU = Release|Any CPU
	EndGlobalSection
	GlobalSection(ProjectConfigurationPlatforms) = postSolution
		{434B9C02-C3F0-4A16-9B72-DDE5CEC4146C}.Debug|Any CPU.ActiveCfg = Debug|Any CPU
		{434B9C02-C3F0-4A16-9B72-DDE5CEC4146C}.Debug|Any CPU.Build.0 = Debug|Any CPU
		{434B9C02-C3F0-4A16-9B72-DDE5CEC4146C}.Release|Any CPU.ActiveCfg = Release|Any CPU
		{434B9C02-C3F0-4A16-9B72-DDE5CEC4146C}.Release|Any CPU.Build.0 = Release|Any CPU
	EndGlobalSection
	GlobalSection(SolutionProperties) = preSolution
		HideSolutionNode = FALSE
	EndGlobalSection
	GlobalSection(ExtensibilityGlobals) = postSolution
		SolutionGuid = {92372457-71B3-4D79-A654-E614C4499B33}
	EndGlobalSection
EndGlobal
