
Microsoft Visual Studio Solution File, Format Version 12.00
# Visual Studio Version 16
VisualStudioVersion = 16.0.31129.286
MinimumVisualStudioVersion = 10.0.40219.1
Project("{FAE04EC0-301F-11D3-BF4B-00C04F79EFBC}") = "3lab_vertexColoringABC", "3lab_vertexColoringABC\3lab_vertexColoringABC.csproj", "{84ACC1C7-8522-4386-B570-051E6F32B7CE}"
EndProject
Global
	GlobalSection(SolutionConfigurationPlatforms) = preSolution
		Debug|Any CPU = Debug|Any CPU
		Release|Any CPU = Release|Any CPU
	EndGlobalSection
	GlobalSection(ProjectConfigurationPlatforms) = postSolution
		{84ACC1C7-8522-4386-B570-051E6F32B7CE}.Debug|Any CPU.ActiveCfg = Debug|Any CPU
		{84ACC1C7-8522-4386-B570-051E6F32B7CE}.Debug|Any CPU.Build.0 = Debug|Any CPU
		{84ACC1C7-8522-4386-B570-051E6F32B7CE}.Release|Any CPU.ActiveCfg = Release|Any CPU
		{84ACC1C7-8522-4386-B570-051E6F32B7CE}.Release|Any CPU.Build.0 = Release|Any CPU
	EndGlobalSection
	GlobalSection(SolutionProperties) = preSolution
		HideSolutionNode = FALSE
	EndGlobalSection
	GlobalSection(ExtensibilityGlobals) = postSolution
		SolutionGuid = {45BDFA86-C948-4ACE-BCFA-13D700367929}
	EndGlobalSection
EndGlobal
